
Microsoft Visual Studio Solution File, Format Version 12.00
# Visual Studio 2013
Project("{FAE04EC0-301F-11D3-BF4B-00C04F79EFBC}") = "Against Time.CSharp.Plugins", "Against Time.CSharp.Plugins.csproj", "{98E6E758-3A19-73F9-283A-9D8A848479B8}"
EndProject
Project("{FAE04EC0-301F-11D3-BF4B-00C04F79EFBC}") = "Against Time.CSharp", "Against Time.CSharp.csproj", "{D26D476D-1854-5F44-9947-F5458A529E21}"
EndProject
Global
	GlobalSection(SolutionConfigurationPlatforms) = preSolution
		Debug|Any CPU = Debug|Any CPU
		Release|Any CPU = Release|Any CPU
	EndGlobalSection
	GlobalSection(ProjectConfigurationPlatforms) = postSolution
		{98E6E758-3A19-73F9-283A-9D8A848479B8}.Debug|Any CPU.ActiveCfg = Debug|Any CPU
		{98E6E758-3A19-73F9-283A-9D8A848479B8}.Debug|Any CPU.Build.0 = Debug|Any CPU
		{98E6E758-3A19-73F9-283A-9D8A848479B8}.Release|Any CPU.ActiveCfg = Release|Any CPU
		{98E6E758-3A19-73F9-283A-9D8A848479B8}.Release|Any CPU.Build.0 = Release|Any CPU
		{D26D476D-1854-5F44-9947-F5458A529E21}.Debug|Any CPU.ActiveCfg = Debug|Any CPU
		{D26D476D-1854-5F44-9947-F5458A529E21}.Debug|Any CPU.Build.0 = Debug|Any CPU
		{D26D476D-1854-5F44-9947-F5458A529E21}.Release|Any CPU.ActiveCfg = Release|Any CPU
		{D26D476D-1854-5F44-9947-F5458A529E21}.Release|Any CPU.Build.0 = Release|Any CPU
	EndGlobalSection
	GlobalSection(SolutionProperties) = preSolution
		HideSolutionNode = FALSE
	EndGlobalSection
EndGlobal
